
Microsoft Visual Studio Solution File, Format Version 12.00
# Visual Studio Version 16
VisualStudioVersion = 16.0.32228.343
MinimumVisualStudioVersion = 10.0.40219.1
Project("{FAE04EC0-301F-11D3-BF4B-00C04F79EFBC}") = "MAPZ_lab4", "MAPZ_lab4.csproj", "{68420168-87B7-471F-A365-C9AD725B4D95}"
EndProject
Global
	GlobalSection(SolutionConfigurationPlatforms) = preSolution
		Debug|Any CPU = Debug|Any CPU
		Release|Any CPU = Release|Any CPU
	EndGlobalSection
	GlobalSection(ProjectConfigurationPlatforms) = postSolution
		{68420168-87B7-471F-A365-C9AD725B4D95}.Debug|Any CPU.ActiveCfg = Debug|Any CPU
		{68420168-87B7-471F-A365-C9AD725B4D95}.Debug|Any CPU.Build.0 = Debug|Any CPU
		{68420168-87B7-471F-A365-C9AD725B4D95}.Release|Any CPU.ActiveCfg = Release|Any CPU
		{68420168-87B7-471F-A365-C9AD725B4D95}.Release|Any CPU.Build.0 = Release|Any CPU
	EndGlobalSection
	GlobalSection(SolutionProperties) = preSolution
		HideSolutionNode = FALSE
	EndGlobalSection
	GlobalSection(ExtensibilityGlobals) = postSolution
		SolutionGuid = {EC0DA100-A12F-49ED-9F4F-02F7A8656466}
	EndGlobalSection
EndGlobal
